// !$*UTF8*$!
{
	archiveVersion = 1;
	classes = {
	};
	objectVersion = 46;
	objects = {

/* Begin PBXBuildFile section */
		3F67B3F1191EB43400108E0F /* OrderViewController.m in Sources */ = {isa = PBXBuildFile; fileRef = 3F67B3F0191EB43400108E0F /* OrderViewController.m */; };
		3F69212F19142BD2006F3D5E /* StoreDetail.m in Sources */ = {isa = PBXBuildFile; fileRef = 3F69212E19142BD2006F3D5E /* StoreDetail.m */; };
		E7224945191543C3008FB9DF /* PromotionsViewController.m in Sources */ = {isa = PBXBuildFile; fileRef = E7224944191543C3008FB9DF /* PromotionsViewController.m */; };
		E72249481915496D008FB9DF /* PromotionDetail.m in Sources */ = {isa = PBXBuildFile; fileRef = E72249471915496D008FB9DF /* PromotionDetail.m */; };
		E722498F19158E2F008FB9DF /* ReachabilityModel.m in Sources */ = {isa = PBXBuildFile; fileRef = E722498E19158E2F008FB9DF /* ReachabilityModel.m */; };
		E722499119158E5C008FB9DF /* CoreBluetooth.framework in Frameworks */ = {isa = PBXBuildFile; fileRef = E722499019158E5C008FB9DF /* CoreBluetooth.framework */; };
		E722499419158EA2008FB9DF /* Reachability.m in Sources */ = {isa = PBXBuildFile; fileRef = E722499319158EA2008FB9DF /* Reachability.m */; };
		E7A8F24319136AD3003E9A05 /* CoreLocation.framework in Frameworks */ = {isa = PBXBuildFile; fileRef = E7A8F24219136AD3003E9A05 /* CoreLocation.framework */; };
		E7A8F24D19136FA9003E9A05 /* bleepManager.a in Frameworks */ = {isa = PBXBuildFile; fileRef = E7A8F24819136FA9003E9A05 /* bleepManager.a */; };
		EB506A6D191E72060086B029 /* MapViewController.m in Sources */ = {isa = PBXBuildFile; fileRef = EB506A68191E72060086B029 /* MapViewController.m */; };
		EB506A6E191E72060086B029 /* MapAnnotation.m in Sources */ = {isa = PBXBuildFile; fileRef = EB506A6B191E72060086B029 /* MapAnnotation.m */; };
		EB7CA969191D08F100FADC31 /* AVFoundation.framework in Frameworks */ = {isa = PBXBuildFile; fileRef = EB7CA968191D08F100FADC31 /* AVFoundation.framework */; };
		EB7CA96B191D08FE00FADC31 /* SystemConfiguration.framework in Frameworks */ = {isa = PBXBuildFile; fileRef = EB7CA96A191D08FE00FADC31 /* SystemConfiguration.framework */; };
		EB7CA96D191D093000FADC31 /* MessageUI.framework in Frameworks */ = {isa = PBXBuildFile; fileRef = EB7CA96C191D093000FADC31 /* MessageUI.framework */; };
		EB7CA9B5191D145300FADC31 /* MapKit.framework in Frameworks */ = {isa = PBXBuildFile; fileRef = EB7CA9B4191D145300FADC31 /* MapKit.framework */; };
		EB96FCB919120D2F00AE4681 /* Foundation.framework in Frameworks */ = {isa = PBXBuildFile; fileRef = EB96FCB819120D2F00AE4681 /* Foundation.framework */; };
		EB96FCBB19120D2F00AE4681 /* CoreGraphics.framework in Frameworks */ = {isa = PBXBuildFile; fileRef = EB96FCBA19120D2F00AE4681 /* CoreGraphics.framework */; };
		EB96FCBD19120D2F00AE4681 /* UIKit.framework in Frameworks */ = {isa = PBXBuildFile; fileRef = EB96FCBC19120D2F00AE4681 /* UIKit.framework */; };
		EB96FCC319120D2F00AE4681 /* InfoPlist.strings in Resources */ = {isa = PBXBuildFile; fileRef = EB96FCC119120D2F00AE4681 /* InfoPlist.strings */; };
		EB96FCC519120D2F00AE4681 /* main.m in Sources */ = {isa = PBXBuildFile; fileRef = EB96FCC419120D2F00AE4681 /* main.m */; };
		EB96FCC919120D2F00AE4681 /* AppDelegate.m in Sources */ = {isa = PBXBuildFile; fileRef = EB96FCC819120D2F00AE4681 /* AppDelegate.m */; };
		EB96FCCC19120D2F00AE4681 /* Main.storyboard in Resources */ = {isa = PBXBuildFile; fileRef = EB96FCCA19120D2F00AE4681 /* Main.storyboard */; };
		EB96FCCF19120D2F00AE4681 /* MasterViewController.m in Sources */ = {isa = PBXBuildFile; fileRef = EB96FCCE19120D2F00AE4681 /* MasterViewController.m */; };
		EB96FCD219120D2F00AE4681 /* DetailViewController.m in Sources */ = {isa = PBXBuildFile; fileRef = EB96FCD119120D2F00AE4681 /* DetailViewController.m */; };
		EB96FCD419120D2F00AE4681 /* Images.xcassets in Resources */ = {isa = PBXBuildFile; fileRef = EB96FCD319120D2F00AE4681 /* Images.xcassets */; };
		EB96FCDB19120D3000AE4681 /* XCTest.framework in Frameworks */ = {isa = PBXBuildFile; fileRef = EB96FCDA19120D3000AE4681 /* XCTest.framework */; };
		EB96FCDC19120D3000AE4681 /* Foundation.framework in Frameworks */ = {isa = PBXBuildFile; fileRef = EB96FCB819120D2F00AE4681 /* Foundation.framework */; };
		EB96FCDD19120D3000AE4681 /* UIKit.framework in Frameworks */ = {isa = PBXBuildFile; fileRef = EB96FCBC19120D2F00AE4681 /* UIKit.framework */; };
		EB96FCE519120D3000AE4681 /* InfoPlist.strings in Resources */ = {isa = PBXBuildFile; fileRef = EB96FCE319120D3000AE4681 /* InfoPlist.strings */; };
		EB96FCE719120D3000AE4681 /* iDealsTests.m in Sources */ = {isa = PBXBuildFile; fileRef = EB96FCE619120D3000AE4681 /* iDealsTests.m */; };
		EBE77A281918BAB600F7A519 /* libPayPalMobile.a in Frameworks */ = {isa = PBXBuildFile; fileRef = EBE77A221918BAB600F7A519 /* libPayPalMobile.a */; };
		EBF7769519222C5F004D0453 /* paypal_checkout_button.png in Resources */ = {isa = PBXBuildFile; fileRef = EBF7769419222C5F004D0453 /* paypal_checkout_button.png */; };
		EBF7769819222E56004D0453 /* ideals_640_960.png in Resources */ = {isa = PBXBuildFile; fileRef = EBF7769619222E55004D0453 /* ideals_640_960.png */; };
		EBF7769919222E56004D0453 /* ideals_640_1136.png in Resources */ = {isa = PBXBuildFile; fileRef = EBF7769719222E56004D0453 /* ideals_640_1136.png */; };
		EBFF7C24191CEF3D00962BAD /* logo.png in Resources */ = {isa = PBXBuildFile; fileRef = EBFF7C21191CEF3D00962BAD /* logo.png */; };
		EBFF7C25191CEF3D00962BAD /* swipePic.PNG in Resources */ = {isa = PBXBuildFile; fileRef = EBFF7C22191CEF3D00962BAD /* swipePic.PNG */; };
/* End PBXBuildFile section */

/* Begin PBXContainerItemProxy section */
		EB96FCDE19120D3000AE4681 /* PBXContainerItemProxy */ = {
			isa = PBXContainerItemProxy;
			containerPortal = EB96FCAD19120D2F00AE4681 /* Project object */;
			proxyType = 1;
			remoteGlobalIDString = EB96FCB419120D2F00AE4681;
			remoteInfo = iDeals;
		};
/* End PBXContainerItemProxy section */

/* Begin PBXFileReference section */
		3F67B3EF191EB43400108E0F /* OrderViewController.h */ = {isa = PBXFileReference; fileEncoding = 4; lastKnownFileType = sourcecode.c.h; path = OrderViewController.h; sourceTree = "<group>"; };
		3F67B3F0191EB43400108E0F /* OrderViewController.m */ = {isa = PBXFileReference; fileEncoding = 4; lastKnownFileType = sourcecode.c.objc; path = OrderViewController.m; sourceTree = "<group>"; };
		3F69212E19142BD2006F3D5E /* StoreDetail.m */ = {isa = PBXFileReference; fileEncoding = 4; lastKnownFileType = sourcecode.c.objc; path = StoreDetail.m; sourceTree = "<group>"; };
		E7224943191543C3008FB9DF /* PromotionsViewController.h */ = {isa = PBXFileReference; fileEncoding = 4; lastKnownFileType = sourcecode.c.h; path = PromotionsViewController.h; sourceTree = "<group>"; };
		E7224944191543C3008FB9DF /* PromotionsViewController.m */ = {isa = PBXFileReference; fileEncoding = 4; lastKnownFileType = sourcecode.c.objc; path = PromotionsViewController.m; sourceTree = "<group>"; };
		E72249461915496D008FB9DF /* PromotionDetail.h */ = {isa = PBXFileReference; fileEncoding = 4; lastKnownFileType = sourcecode.c.h; path = PromotionDetail.h; sourceTree = "<group>"; };
		E72249471915496D008FB9DF /* PromotionDetail.m */ = {isa = PBXFileReference; fileEncoding = 4; lastKnownFileType = sourcecode.c.objc; path = PromotionDetail.m; sourceTree = "<group>"; };
		E722498D19158E2F008FB9DF /* ReachabilityModel.h */ = {isa = PBXFileReference; fileEncoding = 4; lastKnownFileType = sourcecode.c.h; name = ReachabilityModel.h; path = iDeals/ReachabilityModel.h; sourceTree = "<group>"; };
		E722498E19158E2F008FB9DF /* ReachabilityModel.m */ = {isa = PBXFileReference; fileEncoding = 4; lastKnownFileType = sourcecode.c.objc; name = ReachabilityModel.m; path = iDeals/ReachabilityModel.m; sourceTree = "<group>"; };
		E722499019158E5C008FB9DF /* CoreBluetooth.framework */ = {isa = PBXFileReference; lastKnownFileType = wrapper.framework; name = CoreBluetooth.framework; path = System/Library/Frameworks/CoreBluetooth.framework; sourceTree = SDKROOT; };
		E722499219158EA2008FB9DF /* Reachability.h */ = {isa = PBXFileReference; fileEncoding = 4; lastKnownFileType = sourcecode.c.h; path = Reachability.h; sourceTree = SOURCE_ROOT; };
		E722499319158EA2008FB9DF /* Reachability.m */ = {isa = PBXFileReference; fileEncoding = 4; lastKnownFileType = sourcecode.c.objc; path = Reachability.m; sourceTree = SOURCE_ROOT; };
		E7A8F24219136AD3003E9A05 /* CoreLocation.framework */ = {isa = PBXFileReference; lastKnownFileType = wrapper.framework; name = CoreLocation.framework; path = System/Library/Frameworks/CoreLocation.framework; sourceTree = SDKROOT; };
		E7A8F24819136FA9003E9A05 /* bleepManager.a */ = {isa = PBXFileReference; lastKnownFileType = archive.ar; path = bleepManager.a; sourceTree = "<group>"; };
		E7A8F24B19136FA9003E9A05 /* bleepBeacon.h */ = {isa = PBXFileReference; fileEncoding = 4; lastKnownFileType = sourcecode.c.h; path = bleepBeacon.h; sourceTree = "<group>"; };
		E7A8F24C19136FA9003E9A05 /* bleepManager.h */ = {isa = PBXFileReference; fileEncoding = 4; lastKnownFileType = sourcecode.c.h; path = bleepManager.h; sourceTree = "<group>"; };
		EB506A68191E72060086B029 /* MapViewController.m */ = {isa = PBXFileReference; fileEncoding = 4; lastKnownFileType = sourcecode.c.objc; path = MapViewController.m; sourceTree = "<group>"; };
		EB506A69191E72060086B029 /* MapViewController.h */ = {isa = PBXFileReference; fileEncoding = 4; lastKnownFileType = sourcecode.c.h; path = MapViewController.h; sourceTree = "<group>"; };
		EB506A6A191E72060086B029 /* StoreDetail.h */ = {isa = PBXFileReference; fileEncoding = 4; lastKnownFileType = sourcecode.c.h; path = StoreDetail.h; sourceTree = "<group>"; };
		EB506A6B191E72060086B029 /* MapAnnotation.m */ = {isa = PBXFileReference; fileEncoding = 4; lastKnownFileType = sourcecode.c.objc; path = MapAnnotation.m; sourceTree = "<group>"; };
		EB506A6C191E72060086B029 /* MapAnnotation.h */ = {isa = PBXFileReference; fileEncoding = 4; lastKnownFileType = sourcecode.c.h; path = MapAnnotation.h; sourceTree = "<group>"; };
		EB7CA968191D08F100FADC31 /* AVFoundation.framework */ = {isa = PBXFileReference; lastKnownFileType = wrapper.framework; name = AVFoundation.framework; path = System/Library/Frameworks/AVFoundation.framework; sourceTree = SDKROOT; };
		EB7CA96A191D08FE00FADC31 /* SystemConfiguration.framework */ = {isa = PBXFileReference; lastKnownFileType = wrapper.framework; name = SystemConfiguration.framework; path = System/Library/Frameworks/SystemConfiguration.framework; sourceTree = SDKROOT; };
		EB7CA96C191D093000FADC31 /* MessageUI.framework */ = {isa = PBXFileReference; lastKnownFileType = wrapper.framework; name = MessageUI.framework; path = System/Library/Frameworks/MessageUI.framework; sourceTree = SDKROOT; };
		EB7CA9B4191D145300FADC31 /* MapKit.framework */ = {isa = PBXFileReference; lastKnownFileType = wrapper.framework; name = MapKit.framework; path = System/Library/Frameworks/MapKit.framework; sourceTree = SDKROOT; };
		EB96FCB519120D2F00AE4681 /* iDeals.app */ = {isa = PBXFileReference; explicitFileType = wrapper.application; includeInIndex = 0; path = iDeals.app; sourceTree = BUILT_PRODUCTS_DIR; };
		EB96FCB819120D2F00AE4681 /* Foundation.framework */ = {isa = PBXFileReference; lastKnownFileType = wrapper.framework; name = Foundation.framework; path = System/Library/Frameworks/Foundation.framework; sourceTree = SDKROOT; };
		EB96FCBA19120D2F00AE4681 /* CoreGraphics.framework */ = {isa = PBXFileReference; lastKnownFileType = wrapper.framework; name = CoreGraphics.framework; path = System/Library/Frameworks/CoreGraphics.framework; sourceTree = SDKROOT; };
		EB96FCBC19120D2F00AE4681 /* UIKit.framework */ = {isa = PBXFileReference; lastKnownFileType = wrapper.framework; name = UIKit.framework; path = System/Library/Frameworks/UIKit.framework; sourceTree = SDKROOT; };
		EB96FCC019120D2F00AE4681 /* iDeals-Info.plist */ = {isa = PBXFileReference; lastKnownFileType = text.plist.xml; path = "iDeals-Info.plist"; sourceTree = "<group>"; };
		EB96FCC219120D2F00AE4681 /* en */ = {isa = PBXFileReference; lastKnownFileType = text.plist.strings; name = en; path = en.lproj/InfoPlist.strings; sourceTree = "<group>"; };
		EB96FCC419120D2F00AE4681 /* main.m */ = {isa = PBXFileReference; lastKnownFileType = sourcecode.c.objc; path = main.m; sourceTree = "<group>"; };
		EB96FCC619120D2F00AE4681 /* iDeals-Prefix.pch */ = {isa = PBXFileReference; lastKnownFileType = sourcecode.c.h; path = "iDeals-Prefix.pch"; sourceTree = "<group>"; };
		EB96FCC719120D2F00AE4681 /* AppDelegate.h */ = {isa = PBXFileReference; lastKnownFileType = sourcecode.c.h; path = AppDelegate.h; sourceTree = "<group>"; };
		EB96FCC819120D2F00AE4681 /* AppDelegate.m */ = {isa = PBXFileReference; lastKnownFileType = sourcecode.c.objc; path = AppDelegate.m; sourceTree = "<group>"; };
		EB96FCCB19120D2F00AE4681 /* Base */ = {isa = PBXFileReference; lastKnownFileType = file.storyboard; name = Base; path = Base.lproj/Main.storyboard; sourceTree = "<group>"; };
		EB96FCCD19120D2F00AE4681 /* MasterViewController.h */ = {isa = PBXFileReference; lastKnownFileType = sourcecode.c.h; path = MasterViewController.h; sourceTree = "<group>"; };
		EB96FCCE19120D2F00AE4681 /* MasterViewController.m */ = {isa = PBXFileReference; lastKnownFileType = sourcecode.c.objc; path = MasterViewController.m; sourceTree = "<group>"; };
		EB96FCD019120D2F00AE4681 /* DetailViewController.h */ = {isa = PBXFileReference; lastKnownFileType = sourcecode.c.h; path = DetailViewController.h; sourceTree = "<group>"; };
		EB96FCD119120D2F00AE4681 /* DetailViewController.m */ = {isa = PBXFileReference; lastKnownFileType = sourcecode.c.objc; path = DetailViewController.m; sourceTree = "<group>"; };
		EB96FCD319120D2F00AE4681 /* Images.xcassets */ = {isa = PBXFileReference; lastKnownFileType = folder.assetcatalog; path = Images.xcassets; sourceTree = "<group>"; };
		EB96FCD919120D3000AE4681 /* iDealsTests.xctest */ = {isa = PBXFileReference; explicitFileType = wrapper.cfbundle; includeInIndex = 0; path = iDealsTests.xctest; sourceTree = BUILT_PRODUCTS_DIR; };
		EB96FCDA19120D3000AE4681 /* XCTest.framework */ = {isa = PBXFileReference; lastKnownFileType = wrapper.framework; name = XCTest.framework; path = Library/Frameworks/XCTest.framework; sourceTree = DEVELOPER_DIR; };
		EB96FCE219120D3000AE4681 /* iDealsTests-Info.plist */ = {isa = PBXFileReference; lastKnownFileType = text.plist.xml; path = "iDealsTests-Info.plist"; sourceTree = "<group>"; };
		EB96FCE419120D3000AE4681 /* en */ = {isa = PBXFileReference; lastKnownFileType = text.plist.strings; name = en; path = en.lproj/InfoPlist.strings; sourceTree = "<group>"; };
		EB96FCE619120D3000AE4681 /* iDealsTests.m */ = {isa = PBXFileReference; lastKnownFileType = sourcecode.c.objc; path = iDealsTests.m; sourceTree = "<group>"; };
		EBE3D52019221E790010ED17 /* ideals_120Px.png */ = {isa = PBXFileReference; lastKnownFileType = image.png; name = ideals_120Px.png; path = images/ideals_120Px.png; sourceTree = "<group>"; };
		EBE3D52119221F500010ED17 /* ideals1.png */ = {isa = PBXFileReference; lastKnownFileType = image.png; name = ideals1.png; path = ../ideals1.png; sourceTree = "<group>"; };
		EBE3D522192220DF0010ED17 /* ideals_76Px.png */ = {isa = PBXFileReference; lastKnownFileType = image.png; name = ideals_76Px.png; path = images/ideals_76Px.png; sourceTree = "<group>"; };
		EBE3D523192221EE0010ED17 /* ideals1.png */ = {isa = PBXFileReference; lastKnownFileType = image.png; name = ideals1.png; path = ../ideals1.png; sourceTree = "<group>"; };
		EBE77A221918BAB600F7A519 /* libPayPalMobile.a */ = {isa = PBXFileReference; lastKnownFileType = archive.ar; path = libPayPalMobile.a; sourceTree = "<group>"; };
		EBE77A231918BAB600F7A519 /* PayPalConfiguration.h */ = {isa = PBXFileReference; fileEncoding = 4; lastKnownFileType = sourcecode.c.h; path = PayPalConfiguration.h; sourceTree = "<group>"; };
		EBE77A241918BAB600F7A519 /* PayPalFuturePaymentViewController.h */ = {isa = PBXFileReference; fileEncoding = 4; lastKnownFileType = sourcecode.c.h; path = PayPalFuturePaymentViewController.h; sourceTree = "<group>"; };
		EBE77A251918BAB600F7A519 /* PayPalMobile.h */ = {isa = PBXFileReference; fileEncoding = 4; lastKnownFileType = sourcecode.c.h; path = PayPalMobile.h; sourceTree = "<group>"; };
		EBE77A261918BAB600F7A519 /* PayPalPayment.h */ = {isa = PBXFileReference; fileEncoding = 4; lastKnownFileType = sourcecode.c.h; path = PayPalPayment.h; sourceTree = "<group>"; };
		EBE77A271918BAB600F7A519 /* PayPalPaymentViewController.h */ = {isa = PBXFileReference; fileEncoding = 4; lastKnownFileType = sourcecode.c.h; path = PayPalPaymentViewController.h; sourceTree = "<group>"; };
		EBF7769419222C5F004D0453 /* paypal_checkout_button.png */ = {isa = PBXFileReference; lastKnownFileType = image.png; name = paypal_checkout_button.png; path = images/paypal_checkout_button.png; sourceTree = "<group>"; };
		EBF7769619222E55004D0453 /* ideals_640_960.png */ = {isa = PBXFileReference; lastKnownFileType = image.png; path = ideals_640_960.png; sourceTree = "<group>"; };
		EBF7769719222E56004D0453 /* ideals_640_1136.png */ = {isa = PBXFileReference; lastKnownFileType = image.png; path = ideals_640_1136.png; sourceTree = "<group>"; };
		EBFF7C21191CEF3D00962BAD /* logo.png */ = {isa = PBXFileReference; lastKnownFileType = image.png; name = logo.png; path = images/logo.png; sourceTree = "<group>"; };
		EBFF7C22191CEF3D00962BAD /* swipePic.PNG */ = {isa = PBXFileReference; lastKnownFileType = image.png; name = swipePic.PNG; path = images/swipePic.PNG; sourceTree = "<group>"; };
/* End PBXFileReference section */

/* Begin PBXFrameworksBuildPhase section */
		EB96FCB219120D2F00AE4681 /* Frameworks */ = {
			isa = PBXFrameworksBuildPhase;
			buildActionMask = 2147483647;
			files = (
				EB7CA9B5191D145300FADC31 /* MapKit.framework in Frameworks */,
				EB7CA96D191D093000FADC31 /* MessageUI.framework in Frameworks */,
				EB7CA96B191D08FE00FADC31 /* SystemConfiguration.framework in Frameworks */,
				EB7CA969191D08F100FADC31 /* AVFoundation.framework in Frameworks */,
				E722499119158E5C008FB9DF /* CoreBluetooth.framework in Frameworks */,
				E7A8F24D19136FA9003E9A05 /* bleepManager.a in Frameworks */,
				E7A8F24319136AD3003E9A05 /* CoreLocation.framework in Frameworks */,
				EB96FCBB19120D2F00AE4681 /* CoreGraphics.framework in Frameworks */,
				EBE77A281918BAB600F7A519 /* libPayPalMobile.a in Frameworks */,
				EB96FCBD19120D2F00AE4681 /* UIKit.framework in Frameworks */,
				EB96FCB919120D2F00AE4681 /* Foundation.framework in Frameworks */,
			);
			runOnlyForDeploymentPostprocessing = 0;
		};
		EB96FCD619120D3000AE4681 /* Frameworks */ = {
			isa = PBXFrameworksBuildPhase;
			buildActionMask = 2147483647;
			files = (
				EB96FCDB19120D3000AE4681 /* XCTest.framework in Frameworks */,
				EB96FCDD19120D3000AE4681 /* UIKit.framework in Frameworks */,
				EB96FCDC19120D3000AE4681 /* Foundation.framework in Frameworks */,
			);
			runOnlyForDeploymentPostprocessing = 0;
		};
/* End PBXFrameworksBuildPhase section */

/* Begin PBXGroup section */
		3F1A317019167BD7000D819A /* model */ = {
			isa = PBXGroup;
			children = (
				EB506A6A191E72060086B029 /* StoreDetail.h */,
				3F69212E19142BD2006F3D5E /* StoreDetail.m */,
				E72249461915496D008FB9DF /* PromotionDetail.h */,
				E72249471915496D008FB9DF /* PromotionDetail.m */,
			);
			name = model;
			sourceTree = "<group>";
		};
		E7A8F24719136FA9003E9A05 /* bleepManager */ = {
			isa = PBXGroup;
			children = (
				E722499219158EA2008FB9DF /* Reachability.h */,
				E722499319158EA2008FB9DF /* Reachability.m */,
				E7A8F24819136FA9003E9A05 /* bleepManager.a */,
				E7A8F24919136FA9003E9A05 /* include */,
			);
			path = bleepManager;
			sourceTree = "<group>";
		};
		E7A8F24919136FA9003E9A05 /* include */ = {
			isa = PBXGroup;
			children = (
				E7A8F24A19136FA9003E9A05 /* bleepManager */,
			);
			path = include;
			sourceTree = "<group>";
		};
		E7A8F24A19136FA9003E9A05 /* bleepManager */ = {
			isa = PBXGroup;
			children = (
				E7A8F24B19136FA9003E9A05 /* bleepBeacon.h */,
				E7A8F24C19136FA9003E9A05 /* bleepManager.h */,
			);
			path = bleepManager;
			sourceTree = "<group>";
		};
		E7A8F24E191370DD003E9A05 /* iPad */ = {
			isa = PBXGroup;
			children = (
			);
			name = iPad;
			sourceTree = "<group>";
		};
		EB96FCAC19120D2E00AE4681 = {
			isa = PBXGroup;
			children = (
				EBE77A211918BAB600F7A519 /* PayPalMobile */,
				E722498D19158E2F008FB9DF /* ReachabilityModel.h */,
				E722498E19158E2F008FB9DF /* ReachabilityModel.m */,
				E7A8F24719136FA9003E9A05 /* bleepManager */,
				EB96FCBE19120D2F00AE4681 /* iDeals */,
				EB96FCE019120D3000AE4681 /* iDealsTests */,
				EB96FCB719120D2F00AE4681 /* Frameworks */,
				EB96FCB619120D2F00AE4681 /* Products */,
			);
			sourceTree = "<group>";
		};
		EB96FCB619120D2F00AE4681 /* Products */ = {
			isa = PBXGroup;
			children = (
				EB96FCB519120D2F00AE4681 /* iDeals.app */,
				EB96FCD919120D3000AE4681 /* iDealsTests.xctest */,
			);
			name = Products;
			sourceTree = "<group>";
		};
		EB96FCB719120D2F00AE4681 /* Frameworks */ = {
			isa = PBXGroup;
			children = (
				EB7CA9B4191D145300FADC31 /* MapKit.framework */,
				EB7CA96C191D093000FADC31 /* MessageUI.framework */,
				EB7CA96A191D08FE00FADC31 /* SystemConfiguration.framework */,
				EB7CA968191D08F100FADC31 /* AVFoundation.framework */,
				E722499019158E5C008FB9DF /* CoreBluetooth.framework */,
				E7A8F24219136AD3003E9A05 /* CoreLocation.framework */,
				EB96FCB819120D2F00AE4681 /* Foundation.framework */,
				EB96FCBA19120D2F00AE4681 /* CoreGraphics.framework */,
				EB96FCBC19120D2F00AE4681 /* UIKit.framework */,
				EB96FCDA19120D3000AE4681 /* XCTest.framework */,
			);
			name = Frameworks;
			sourceTree = "<group>";
		};
		EB96FCBE19120D2F00AE4681 /* iDeals */ = {
			isa = PBXGroup;
			children = (
				E7A8F24E191370DD003E9A05 /* iPad */,
				3F1A317019167BD7000D819A /* model */,
				EB506A68191E72060086B029 /* MapViewController.m */,
				EB96FCCA19120D2F00AE4681 /* Main.storyboard */,
				EB506A69191E72060086B029 /* MapViewController.h */,
				EB506A6B191E72060086B029 /* MapAnnotation.m */,
				EB506A6C191E72060086B029 /* MapAnnotation.h */,
				3F67B3EF191EB43400108E0F /* OrderViewController.h */,
				3F67B3F0191EB43400108E0F /* OrderViewController.m */,
				E7224943191543C3008FB9DF /* PromotionsViewController.h */,
				E7224944191543C3008FB9DF /* PromotionsViewController.m */,
				EB96FCC719120D2F00AE4681 /* AppDelegate.h */,
				EB96FCC819120D2F00AE4681 /* AppDelegate.m */,
				EB96FCCD19120D2F00AE4681 /* MasterViewController.h */,
				EB96FCCE19120D2F00AE4681 /* MasterViewController.m */,
				EB96FCD019120D2F00AE4681 /* DetailViewController.h */,
				EB96FCD119120D2F00AE4681 /* DetailViewController.m */,
				EB96FCD319120D2F00AE4681 /* Images.xcassets */,
				EB96FCBF19120D2F00AE4681 /* Supporting Files */,
			);
			path = iDeals;
			sourceTree = "<group>";
		};
		EB96FCBF19120D2F00AE4681 /* Supporting Files */ = {
			isa = PBXGroup;
			children = (
				EBF7769619222E55004D0453 /* ideals_640_960.png */,
				EBF7769719222E56004D0453 /* ideals_640_1136.png */,
				EBE3D523192221EE0010ED17 /* ideals1.png */,
				EBE3D522192220DF0010ED17 /* ideals_76Px.png */,
				EBE3D52119221F500010ED17 /* ideals1.png */,
				EBE3D52019221E790010ED17 /* ideals_120Px.png */,
				EBFF7C20191CEF1F00962BAD /* images */,
				EB96FCC019120D2F00AE4681 /* iDeals-Info.plist */,
				EB96FCC119120D2F00AE4681 /* InfoPlist.strings */,
				EB96FCC419120D2F00AE4681 /* main.m */,
				EB96FCC619120D2F00AE4681 /* iDeals-Prefix.pch */,
			);
			name = "Supporting Files";
			sourceTree = "<group>";
		};
		EB96FCE019120D3000AE4681 /* iDealsTests */ = {
			isa = PBXGroup;
			children = (
				EB96FCE619120D3000AE4681 /* iDealsTests.m */,
				EB96FCE119120D3000AE4681 /* Supporting Files */,
			);
			path = iDealsTests;
			sourceTree = "<group>";
		};
		EB96FCE119120D3000AE4681 /* Supporting Files */ = {
			isa = PBXGroup;
			children = (
				EB96FCE219120D3000AE4681 /* iDealsTests-Info.plist */,
				EB96FCE319120D3000AE4681 /* InfoPlist.strings */,
			);
			name = "Supporting Files";
			sourceTree = "<group>";
		};
		EBE77A211918BAB600F7A519 /* PayPalMobile */ = {
			isa = PBXGroup;
			children = (
				EBE77A221918BAB600F7A519 /* libPayPalMobile.a */,
				EBE77A231918BAB600F7A519 /* PayPalConfiguration.h */,
				EBE77A241918BAB600F7A519 /* PayPalFuturePaymentViewController.h */,
				EBE77A251918BAB600F7A519 /* PayPalMobile.h */,
				EBE77A261918BAB600F7A519 /* PayPalPayment.h */,
				EBE77A271918BAB600F7A519 /* PayPalPaymentViewController.h */,
			);
			path = PayPalMobile;
			sourceTree = "<group>";
		};
		EBFF7C20191CEF1F00962BAD /* images */ = {
			isa = PBXGroup;
			children = (
				EBF7769419222C5F004D0453 /* paypal_checkout_button.png */,
				EBFF7C21191CEF3D00962BAD /* logo.png */,
				EBFF7C22191CEF3D00962BAD /* swipePic.PNG */,
			);
			name = images;
			sourceTree = "<group>";
		};
/* End PBXGroup section */

/* Begin PBXNativeTarget section */
		EB96FCB419120D2F00AE4681 /* iDeals */ = {
			isa = PBXNativeTarget;
			buildConfigurationList = EB96FCEA19120D3000AE4681 /* Build configuration list for PBXNativeTarget "iDeals" */;
			buildPhases = (
				EB96FCB119120D2F00AE4681 /* Sources */,
				EB96FCB219120D2F00AE4681 /* Frameworks */,
				EB96FCB319120D2F00AE4681 /* Resources */,
			);
			buildRules = (
			);
			dependencies = (
			);
			name = iDeals;
			productName = iDeals;
			productReference = EB96FCB519120D2F00AE4681 /* iDeals.app */;
			productType = "com.apple.product-type.application";
		};
		EB96FCD819120D3000AE4681 /* iDealsTests */ = {
			isa = PBXNativeTarget;
			buildConfigurationList = EB96FCED19120D3000AE4681 /* Build configuration list for PBXNativeTarget "iDealsTests" */;
			buildPhases = (
				EB96FCD519120D3000AE4681 /* Sources */,
				EB96FCD619120D3000AE4681 /* Frameworks */,
				EB96FCD719120D3000AE4681 /* Resources */,
			);
			buildRules = (
			);
			dependencies = (
				EB96FCDF19120D3000AE4681 /* PBXTargetDependency */,
			);
			name = iDealsTests;
			productName = iDealsTests;
			productReference = EB96FCD919120D3000AE4681 /* iDealsTests.xctest */;
			productType = "com.apple.product-type.bundle.unit-test";
		};
/* End PBXNativeTarget section */

/* Begin PBXProject section */
		EB96FCAD19120D2F00AE4681 /* Project object */ = {
			isa = PBXProject;
			attributes = {
				LastUpgradeCheck = 0510;
				ORGANIZATIONNAME = Team6;
				TargetAttributes = {
					EB96FCD819120D3000AE4681 = {
						TestTargetID = EB96FCB419120D2F00AE4681;
					};
				};
			};
			buildConfigurationList = EB96FCB019120D2F00AE4681 /* Build configuration list for PBXProject "iDeals" */;
			compatibilityVersion = "Xcode 3.2";
			developmentRegion = English;
			hasScannedForEncodings = 0;
			knownRegions = (
				en,
				Base,
			);
			mainGroup = EB96FCAC19120D2E00AE4681;
			productRefGroup = EB96FCB619120D2F00AE4681 /* Products */;
			projectDirPath = "";
			projectRoot = "";
			targets = (
				EB96FCB419120D2F00AE4681 /* iDeals */,
				EB96FCD819120D3000AE4681 /* iDealsTests */,
			);
		};
/* End PBXProject section */

/* Begin PBXResourcesBuildPhase section */
		EB96FCB319120D2F00AE4681 /* Resources */ = {
			isa = PBXResourcesBuildPhase;
			buildActionMask = 2147483647;
			files = (
				EBF7769519222C5F004D0453 /* paypal_checkout_button.png in Resources */,
				EBFF7C24191CEF3D00962BAD /* logo.png in Resources */,
				EB96FCD419120D2F00AE4681 /* Images.xcassets in Resources */,
				EBF7769919222E56004D0453 /* ideals_640_1136.png in Resources */,
				EB96FCC319120D2F00AE4681 /* InfoPlist.strings in Resources */,
				EB96FCCC19120D2F00AE4681 /* Main.storyboard in Resources */,
				EBFF7C25191CEF3D00962BAD /* swipePic.PNG in Resources */,
				EBF7769819222E56004D0453 /* ideals_640_960.png in Resources */,
			);
			runOnlyForDeploymentPostprocessing = 0;
		};
		EB96FCD719120D3000AE4681 /* Resources */ = {
			isa = PBXResourcesBuildPhase;
			buildActionMask = 2147483647;
			files = (
				EB96FCE519120D3000AE4681 /* InfoPlist.strings in Resources */,
			);
			runOnlyForDeploymentPostprocessing = 0;
		};
/* End PBXResourcesBuildPhase section */

/* Begin PBXSourcesBuildPhase section */
		EB96FCB119120D2F00AE4681 /* Sources */ = {
			isa = PBXSourcesBuildPhase;
			buildActionMask = 2147483647;
			files = (
				3F69212F19142BD2006F3D5E /* StoreDetail.m in Sources */,
				EB506A6E191E72060086B029 /* MapAnnotation.m in Sources */,
				EB96FCC919120D2F00AE4681 /* AppDelegate.m in Sources */,
				EB506A6D191E72060086B029 /* MapViewController.m in Sources */,
				EB96FCCF19120D2F00AE4681 /* MasterViewController.m in Sources */,
				E722499419158EA2008FB9DF /* Reachability.m in Sources */,
				EB96FCC519120D2F00AE4681 /* main.m in Sources */,
				E7224945191543C3008FB9DF /* PromotionsViewController.m in Sources */,
				3F67B3F1191EB43400108E0F /* OrderViewController.m in Sources */,
				E72249481915496D008FB9DF /* PromotionDetail.m in Sources */,
				EB96FCD219120D2F00AE4681 /* DetailViewController.m in Sources */,
				E722498F19158E2F008FB9DF /* ReachabilityModel.m in Sources */,
			);
			runOnlyForDeploymentPostprocessing = 0;
		};
		EB96FCD519120D3000AE4681 /* Sources */ = {
			isa = PBXSourcesBuildPhase;
			buildActionMask = 2147483647;
			files = (
				EB96FCE719120D3000AE4681 /* iDealsTests.m in Sources */,
			);
			runOnlyForDeploymentPostprocessing = 0;
		};
/* End PBXSourcesBuildPhase section */

/* Begin PBXTargetDependency section */
		EB96FCDF19120D3000AE4681 /* PBXTargetDependency */ = {
			isa = PBXTargetDependency;
			target = EB96FCB419120D2F00AE4681 /* iDeals */;
			targetProxy = EB96FCDE19120D3000AE4681 /* PBXContainerItemProxy */;
		};
/* End PBXTargetDependency section */

/* Begin PBXVariantGroup section */
		EB96FCC119120D2F00AE4681 /* InfoPlist.strings */ = {
			isa = PBXVariantGroup;
			children = (
				EB96FCC219120D2F00AE4681 /* en */,
			);
			name = InfoPlist.strings;
			sourceTree = "<group>";
		};
		EB96FCCA19120D2F00AE4681 /* Main.storyboard */ = {
			isa = PBXVariantGroup;
			children = (
				EB96FCCB19120D2F00AE4681 /* Base */,
			);
			name = Main.storyboard;
			sourceTree = "<group>";
		};
		EB96FCE319120D3000AE4681 /* InfoPlist.strings */ = {
			isa = PBXVariantGroup;
			children = (
				EB96FCE419120D3000AE4681 /* en */,
			);
			name = InfoPlist.strings;
			sourceTree = "<group>";
		};
/* End PBXVariantGroup section */

/* Begin XCBuildConfiguration section */
		EB96FCE819120D3000AE4681 /* Debug */ = {
			isa = XCBuildConfiguration;
			buildSettings = {
				ALWAYS_SEARCH_USER_PATHS = NO;
				CLANG_CXX_LANGUAGE_STANDARD = "gnu++0x";
				CLANG_CXX_LIBRARY = "libc++";
				CLANG_ENABLE_MODULES = YES;
				CLANG_ENABLE_OBJC_ARC = YES;
				CLANG_WARN_BOOL_CONVERSION = YES;
				CLANG_WARN_CONSTANT_CONVERSION = YES;
				CLANG_WARN_DIRECT_OBJC_ISA_USAGE = YES_ERROR;
				CLANG_WARN_EMPTY_BODY = YES;
				CLANG_WARN_ENUM_CONVERSION = YES;
				CLANG_WARN_INT_CONVERSION = YES;
				CLANG_WARN_OBJC_ROOT_CLASS = YES_ERROR;
				CLANG_WARN__DUPLICATE_METHOD_MATCH = YES;
				"CODE_SIGN_IDENTITY[sdk=iphoneos*]" = "iPhone Developer";
				COPY_PHASE_STRIP = NO;
				GCC_C_LANGUAGE_STANDARD = gnu99;
				GCC_DYNAMIC_NO_PIC = NO;
				GCC_OPTIMIZATION_LEVEL = 0;
				GCC_PREPROCESSOR_DEFINITIONS = (
					"DEBUG=1",
					"$(inherited)",
				);
				GCC_SYMBOLS_PRIVATE_EXTERN = NO;
				GCC_WARN_64_TO_32_BIT_CONVERSION = YES;
				GCC_WARN_ABOUT_RETURN_TYPE = YES_ERROR;
				GCC_WARN_UNDECLARED_SELECTOR = YES;
				GCC_WARN_UNINITIALIZED_AUTOS = YES_AGGRESSIVE;
				GCC_WARN_UNUSED_FUNCTION = YES;
				GCC_WARN_UNUSED_VARIABLE = YES;
				IPHONEOS_DEPLOYMENT_TARGET = 7.1;
				ONLY_ACTIVE_ARCH = YES;
				OTHER_LDFLAGS = (
					"-lc++",
					"-ObjC",
				);
				SDKROOT = iphoneos;
			};
			name = Debug;
		};
		EB96FCE919120D3000AE4681 /* Release */ = {
			isa = XCBuildConfiguration;
			buildSettings = {
				ALWAYS_SEARCH_USER_PATHS = NO;
				CLANG_CXX_LANGUAGE_STANDARD = "gnu++0x";
				CLANG_CXX_LIBRARY = "libc++";
				CLANG_ENABLE_MODULES = YES;
				CLANG_ENABLE_OBJC_ARC = YES;
				CLANG_WARN_BOOL_CONVERSION = YES;
				CLANG_WARN_CONSTANT_CONVERSION = YES;
				CLANG_WARN_DIRECT_OBJC_ISA_USAGE = YES_ERROR;
				CLANG_WARN_EMPTY_BODY = YES;
				CLANG_WARN_ENUM_CONVERSION = YES;
				CLANG_WARN_INT_CONVERSION = YES;
				CLANG_WARN_OBJC_ROOT_CLASS = YES_ERROR;
				CLANG_WARN__DUPLICATE_METHOD_MATCH = YES;
				"CODE_SIGN_IDENTITY[sdk=iphoneos*]" = "iPhone Developer";
				COPY_PHASE_STRIP = YES;
				ENABLE_NS_ASSERTIONS = NO;
				GCC_C_LANGUAGE_STANDARD = gnu99;
				GCC_WARN_64_TO_32_BIT_CONVERSION = YES;
				GCC_WARN_ABOUT_RETURN_TYPE = YES_ERROR;
				GCC_WARN_UNDECLARED_SELECTOR = YES;
				GCC_WARN_UNINITIALIZED_AUTOS = YES_AGGRESSIVE;
				GCC_WARN_UNUSED_FUNCTION = YES;
				GCC_WARN_UNUSED_VARIABLE = YES;
				IPHONEOS_DEPLOYMENT_TARGET = 7.1;
				OTHER_LDFLAGS = (
					"-lc++",
					"-ObjC",
				);
				SDKROOT = iphoneos;
				VALIDATE_PRODUCT = YES;
			};
			name = Release;
		};
		EB96FCEB19120D3000AE4681 /* Debug */ = {
			isa = XCBuildConfiguration;
			buildSettings = {
				GCC_PRECOMPILE_PREFIX_HEADER = YES;
				GCC_PREFIX_HEADER = "iDeals/iDeals-Prefix.pch";
				INFOPLIST_FILE = "iDeals/iDeals-Info.plist";
				IPHONEOS_DEPLOYMENT_TARGET = 7.1;
				LIBRARY_SEARCH_PATHS = (
					"$(inherited)",
					/Users/student1/Documents/A0119930/iDeals/bleepManager,
					"$(PROJECT_DIR)/PayPalMobile",
				);
				PRODUCT_NAME = "$(TARGET_NAME)";
				TARGETED_DEVICE_FAMILY = 1;
				WRAPPER_EXTENSION = app;
			};
			name = Debug;
		};
		EB96FCEC19120D3000AE4681 /* Release */ = {
			isa = XCBuildConfiguration;
			buildSettings = {
				GCC_PRECOMPILE_PREFIX_HEADER = YES;
				GCC_PREFIX_HEADER = "iDeals/iDeals-Prefix.pch";
				INFOPLIST_FILE = "iDeals/iDeals-Info.plist";
				IPHONEOS_DEPLOYMENT_TARGET = 7.1;
				LIBRARY_SEARCH_PATHS = (
					"$(inherited)",
					/Users/student1/Documents/A0119930/iDeals/bleepManager,
					"$(PROJECT_DIR)/PayPalMobile",
				);
				PRODUCT_NAME = "$(TARGET_NAME)";
				TARGETED_DEVICE_FAMILY = 1;
				WRAPPER_EXTENSION = app;
			};
			name = Release;
		};
		EB96FCEE19120D3000AE4681 /* Debug */ = {
			isa = XCBuildConfiguration;
			buildSettings = {
				BUNDLE_LOADER = "$(BUILT_PRODUCTS_DIR)/iDeals.app/iDeals";
				FRAMEWORK_SEARCH_PATHS = (
					"$(SDKROOT)/Developer/Library/Frameworks",
					"$(inherited)",
					"$(DEVELOPER_FRAMEWORKS_DIR)",
				);
				GCC_PRECOMPILE_PREFIX_HEADER = YES;
				GCC_PREFIX_HEADER = "iDeals/iDeals-Prefix.pch";
				GCC_PREPROCESSOR_DEFINITIONS = (
					"DEBUG=1",
					"$(inherited)",
				);
				INFOPLIST_FILE = "iDealsTests/iDealsTests-Info.plist";
				PRODUCT_NAME = "$(TARGET_NAME)";
				TEST_HOST = "$(BUNDLE_LOADER)";
				WRAPPER_EXTENSION = xctest;
			};
			name = Debug;
		};
		EB96FCEF19120D3000AE4681 /* Release */ = {
			isa = XCBuildConfiguration;
			buildSettings = {
				BUNDLE_LOADER = "$(BUILT_PRODUCTS_DIR)/iDeals.app/iDeals";
				FRAMEWORK_SEARCH_PATHS = (
					"$(SDKROOT)/Developer/Library/Frameworks",
					"$(inherited)",
					"$(DEVELOPER_FRAMEWORKS_DIR)",
				);
				GCC_PRECOMPILE_PREFIX_HEADER = YES;
				GCC_PREFIX_HEADER = "iDeals/iDeals-Prefix.pch";
				INFOPLIST_FILE = "iDealsTests/iDealsTests-Info.plist";
				PRODUCT_NAME = "$(TARGET_NAME)";
				TEST_HOST = "$(BUNDLE_LOADER)";
				WRAPPER_EXTENSION = xctest;
			};
			name = Release;
		};
/* End XCBuildConfiguration section */

/* Begin XCConfigurationList section */
		EB96FCB019120D2F00AE4681 /* Build configuration list for PBXProject "iDeals" */ = {
			isa = XCConfigurationList;
			buildConfigurations = (
				EB96FCE819120D3000AE4681 /* Debug */,
				EB96FCE919120D3000AE4681 /* Release */,
			);
			defaultConfigurationIsVisible = 0;
			defaultConfigurationName = Release;
		};
		EB96FCEA19120D3000AE4681 /* Build configuration list for PBXNativeTarget "iDeals" */ = {
			isa = XCConfigurationList;
			buildConfigurations = (
				EB96FCEB19120D3000AE4681 /* Debug */,
				EB96FCEC19120D3000AE4681 /* Release */,
			);
			defaultConfigurationIsVisible = 0;
			defaultConfigurationName = Release;
		};
		EB96FCED19120D3000AE4681 /* Build configuration list for PBXNativeTarget "iDealsTests" */ = {
			isa = XCConfigurationList;
			buildConfigurations = (
				EB96FCEE19120D3000AE4681 /* Debug */,
				EB96FCEF19120D3000AE4681 /* Release */,
			);
			defaultConfigurationIsVisible = 0;
			defaultConfigurationName = Release;
		};
/* End XCConfigurationList section */
	};
	rootObject = EB96FCAD19120D2F00AE4681 /* Project object */;
}
